// !$*UTF8*$!
{
	archiveVersion = 1;
	classes = {
	};
	objectVersion = 55;
	objects = {

/* Begin PBXBuildFile section */
		0BEA7802AEFE4B1306E433AC /* libPods-Ancientmakeup.a in Frameworks */ = {isa = PBXBuildFile; fileRef = ED99C6D1E041174F21ABB7B4 /* libPods-Ancientmakeup.a */; };
		2A0EEB6428B8B5D8006651F7 /* Styles.plist in Resources */ = {isa = PBXBuildFile; fileRef = 2A0EEB6328B8B5D8006651F7 /* Styles.plist */; };
		2A216B3328B4B107003B4151 /* TryMakeupViewController.swift in Sources */ = {isa = PBXBuildFile; fileRef = 2A216B3228B4B107003B4151 /* TryMakeupViewController.swift */; };
		2A4DC8C7282CB19F00DCB64C /* CameraTool.swift in Sources */ = {isa = PBXBuildFile; fileRef = 2A4DC8C6282CB19F00DCB64C /* CameraTool.swift */; };
		2A4DC8C9282CEDEB00DCB64C /* CameraPreviewView.swift in Sources */ = {isa = PBXBuildFile; fileRef = 2A4DC8C8282CEDEB00DCB64C /* CameraPreviewView.swift */; };
		2A4DC8CF282E388100DCB64C /* RecommendHeaderView.swift in Sources */ = {isa = PBXBuildFile; fileRef = 2A4DC8CE282E388100DCB64C /* RecommendHeaderView.swift */; };
		2A4DC8D1282E86D400DCB64C /* RecommendDetailViewController.swift in Sources */ = {isa = PBXBuildFile; fileRef = 2A4DC8D0282E86D400DCB64C /* RecommendDetailViewController.swift */; };
		2A5E5C7A2818EF3E003C8445 /* DiscoverViewController.swift in Sources */ = {isa = PBXBuildFile; fileRef = 2A5E5C6E2818EF3E003C8445 /* DiscoverViewController.swift */; };
		2A5E5C7B2818EF3E003C8445 /* FoucsViewController.swift in Sources */ = {isa = PBXBuildFile; fileRef = 2A5E5C6F2818EF3E003C8445 /* FoucsViewController.swift */; };
		2A5E5C7C2818EF3E003C8445 /* WaterfallFlowLayout.swift in Sources */ = {isa = PBXBuildFile; fileRef = 2A5E5C702818EF3E003C8445 /* WaterfallFlowLayout.swift */; };
		2A5E5C7D2818EF3E003C8445 /* NewsCollectionViewCell.swift in Sources */ = {isa = PBXBuildFile; fileRef = 2A5E5C712818EF3E003C8445 /* NewsCollectionViewCell.swift */; };
		2A5E5C7E2818EF3E003C8445 /* NewDetailViewController.swift in Sources */ = {isa = PBXBuildFile; fileRef = 2A5E5C722818EF3E003C8445 /* NewDetailViewController.swift */; };
		2A5E5C7F2818EF3E003C8445 /* SegmentView.swift in Sources */ = {isa = PBXBuildFile; fileRef = 2A5E5C742818EF3E003C8445 /* SegmentView.swift */; };
		2A5E5C802818EF3E003C8445 /* PersonalHeaderView.swift in Sources */ = {isa = PBXBuildFile; fileRef = 2A5E5C752818EF3E003C8445 /* PersonalHeaderView.swift */; };
		2A5E5C812818EF3E003C8445 /* PersonalViewController.swift in Sources */ = {isa = PBXBuildFile; fileRef = 2A5E5C762818EF3E003C8445 /* PersonalViewController.swift */; };
		2A5E5C822818EF3E003C8445 /* LikeViewController.swift in Sources */ = {isa = PBXBuildFile; fileRef = 2A5E5C772818EF3E003C8445 /* LikeViewController.swift */; };
		2A5E5C832818EF3E003C8445 /* DisplayView.swift in Sources */ = {isa = PBXBuildFile; fileRef = 2A5E5C782818EF3E003C8445 /* DisplayView.swift */; };
		2A5E5C842818EF3E003C8445 /* CollectionViewController.swift in Sources */ = {isa = PBXBuildFile; fileRef = 2A5E5C792818EF3E003C8445 /* CollectionViewController.swift */; };
		2A5E5C86281AA927003C8445 /* NavViewController.swift in Sources */ = {isa = PBXBuildFile; fileRef = 2A5E5C85281AA927003C8445 /* NavViewController.swift */; };
		2A5E5C8B281B8196003C8445 /* NavView.swift in Sources */ = {isa = PBXBuildFile; fileRef = 2A5E5C8A281B8196003C8445 /* NavView.swift */; };
		2A5E5C8D281BD0A2003C8445 /* Global.swift in Sources */ = {isa = PBXBuildFile; fileRef = 2A5E5C8C281BD0A2003C8445 /* Global.swift */; };
		2A88C96628210EF800A13BCE /* CommunityViewController.swift in Sources */ = {isa = PBXBuildFile; fileRef = 2A88C96528210EF800A13BCE /* CommunityViewController.swift */; };
		2A88C96828210FAD00A13BCE /* NavBarView.swift in Sources */ = {isa = PBXBuildFile; fileRef = 2A88C96728210FAD00A13BCE /* NavBarView.swift */; };
		2A88C9D9282372E000A13BCE /* UIImageView+Extension.swift in Sources */ = {isa = PBXBuildFile; fileRef = 2A88C9D8282372E000A13BCE /* UIImageView+Extension.swift */; };
		2A88C9DB2823AB6A00A13BCE /* DetailBottomView.swift in Sources */ = {isa = PBXBuildFile; fileRef = 2A88C9DA2823AB6A00A13BCE /* DetailBottomView.swift */; };
		2A88C9DD2824ABB100A13BCE /* CommentViewCell.swift in Sources */ = {isa = PBXBuildFile; fileRef = 2A88C9DC2824ABB100A13BCE /* CommentViewCell.swift */; };
		2A88C9DF2824B43400A13BCE /* SubCommentViewCell.swift in Sources */ = {isa = PBXBuildFile; fileRef = 2A88C9DE2824B43400A13BCE /* SubCommentViewCell.swift */; };
		2A88C9E128260C9600A13BCE /* FaceAnalyzeViewController.swift in Sources */ = {isa = PBXBuildFile; fileRef = 2A88C9E028260C9600A13BCE /* FaceAnalyzeViewController.swift */; };
		2A88C9E32826507400A13BCE /* UIViewController+Extension.swift in Sources */ = {isa = PBXBuildFile; fileRef = 2A88C9E22826507400A13BCE /* UIViewController+Extension.swift */; };
		2A88C9E5282653D800A13BCE /* BaseViewController.swift in Sources */ = {isa = PBXBuildFile; fileRef = 2A88C9E4282653D800A13BCE /* BaseViewController.swift */; };
		2A88C9E728266CB300A13BCE /* AnalysisViewController.swift in Sources */ = {isa = PBXBuildFile; fileRef = 2A88C9E628266CB300A13BCE /* AnalysisViewController.swift */; };
		2A88C9E9282786A800A13BCE /* RecommendViewController.swift in Sources */ = {isa = PBXBuildFile; fileRef = 2A88C9E8282786A800A13BCE /* RecommendViewController.swift */; };
		2A88C9EB282790F200A13BCE /* MainFaceViewController.swift in Sources */ = {isa = PBXBuildFile; fileRef = 2A88C9EA282790F200A13BCE /* MainFaceViewController.swift */; };
		2A88C9ED2827923D00A13BCE /* BaseTabBarController.swift in Sources */ = {isa = PBXBuildFile; fileRef = 2A88C9EC2827923D00A13BCE /* BaseTabBarController.swift */; };
		2A88C9EF2828F01E00A13BCE /* OrgansView.swift in Sources */ = {isa = PBXBuildFile; fileRef = 2A88C9EE2828F01E00A13BCE /* OrgansView.swift */; };
		2A88C9F7282BACD800A13BCE /* RecommendViewCell.swift in Sources */ = {isa = PBXBuildFile; fileRef = 2A88C9F6282BACD700A13BCE /* RecommendViewCell.swift */; };
		2A8EA81C28587109009837F0 /* PersonalNavView.swift in Sources */ = {isa = PBXBuildFile; fileRef = 2A8EA81B28587109009837F0 /* PersonalNavView.swift */; };
		2A8EA81F285C1C1B009837F0 /* PickerDelegate.swift in Sources */ = {isa = PBXBuildFile; fileRef = 2A8EA81E285C1C1B009837F0 /* PickerDelegate.swift */; };
		2A90D7502809470900E79596 /* AppDelegate.swift in Sources */ = {isa = PBXBuildFile; fileRef = 2A90D74F2809470900E79596 /* AppDelegate.swift */; };
		2A90D7522809470900E79596 /* SceneDelegate.swift in Sources */ = {isa = PBXBuildFile; fileRef = 2A90D7512809470900E79596 /* SceneDelegate.swift */; };
		2A90D7572809470900E79596 /* Main.storyboard in Resources */ = {isa = PBXBuildFile; fileRef = 2A90D7552809470900E79596 /* Main.storyboard */; };
		2A90D7592809470C00E79596 /* Assets.xcassets in Resources */ = {isa = PBXBuildFile; fileRef = 2A90D7582809470C00E79596 /* Assets.xcassets */; };
		2A90D75C2809470C00E79596 /* LaunchScreen.storyboard in Resources */ = {isa = PBXBuildFile; fileRef = 2A90D75A2809470C00E79596 /* LaunchScreen.storyboard */; };
		2A90D7692809486100E79596 /* UIColor+Extension.swift in Sources */ = {isa = PBXBuildFile; fileRef = 2A90D7682809486100E79596 /* UIColor+Extension.swift */; };
		2A90D771280955E600E79596 /* MainViewController.swift in Sources */ = {isa = PBXBuildFile; fileRef = 2A90D770280955E600E79596 /* MainViewController.swift */; };
		2A90D77328095A0500E79596 /* DIYTabBar.swift in Sources */ = {isa = PBXBuildFile; fileRef = 2A90D77228095A0400E79596 /* DIYTabBar.swift */; };
		2A90D776280A686200E79596 /* HomeViewController.swift in Sources */ = {isa = PBXBuildFile; fileRef = 2A90D775280A686200E79596 /* HomeViewController.swift */; };
		2A90D778280AAFB000E79596 /* DIYTabBarItem.swift in Sources */ = {isa = PBXBuildFile; fileRef = 2A90D777280AAFB000E79596 /* DIYTabBarItem.swift */; };
		2A90D77E280C106800E79596 /* RoundedRectView.swift in Sources */ = {isa = PBXBuildFile; fileRef = 2A90D77D280C106800E79596 /* RoundedRectView.swift */; };
		2A90D780280C164A00E79596 /* ComponentView.swift in Sources */ = {isa = PBXBuildFile; fileRef = 2A90D77F280C164A00E79596 /* ComponentView.swift */; };
		2A90D782280D55BC00E79596 /* UIView+Extension.swift in Sources */ = {isa = PBXBuildFile; fileRef = 2A90D781280D55BC00E79596 /* UIView+Extension.swift */; };
		2A90D784280E7AF900E79596 /* UIImage+Extension.swift in Sources */ = {isa = PBXBuildFile; fileRef = 2A90D783280E7AF900E79596 /* UIImage+Extension.swift */; };
		2A90D808280EAC8600E79596 /* BaseScrollViewController.swift in Sources */ = {isa = PBXBuildFile; fileRef = 2A90D807280EAC8600E79596 /* BaseScrollViewController.swift */; };
		2A915907286018B3006F0C7C /* HorizontalLayout.swift in Sources */ = {isa = PBXBuildFile; fileRef = 2A915906286018B3006F0C7C /* HorizontalLayout.swift */; };
		2A91590928601E8A006F0C7C /* TPBWCollectionViewCell.swift in Sources */ = {isa = PBXBuildFile; fileRef = 2A91590828601E8A006F0C7C /* TPBWCollectionViewCell.swift */; };
		2A91590D28605DF2006F0C7C /* Makeup.swift in Sources */ = {isa = PBXBuildFile; fileRef = 2A91590C28605DF2006F0C7C /* Makeup.swift */; };
		2A91590F28605EDE006F0C7C /* DynastyMakeup.swift in Sources */ = {isa = PBXBuildFile; fileRef = 2A91590E28605EDE006F0C7C /* DynastyMakeup.swift */; };
		2A91591128605F43006F0C7C /* Organs.swift in Sources */ = {isa = PBXBuildFile; fileRef = 2A91591028605F43006F0C7C /* Organs.swift */; };
		2A91591328615B4D006F0C7C /* DynastyMakeupController.swift in Sources */ = {isa = PBXBuildFile; fileRef = 2A91591228615B4D006F0C7C /* DynastyMakeupController.swift */; };
		2A9159152861615E006F0C7C /* HorizontalCollectionView.swift in Sources */ = {isa = PBXBuildFile; fileRef = 2A9159142861615E006F0C7C /* HorizontalCollectionView.swift */; };
		2A91591928640FA2006F0C7C /* ReleaseViewController.swift in Sources */ = {isa = PBXBuildFile; fileRef = 2A91591828640FA2006F0C7C /* ReleaseViewController.swift */; };
		2A91591B28640FD3006F0C7C /* MarketViewController.swift in Sources */ = {isa = PBXBuildFile; fileRef = 2A91591A28640FD3006F0C7C /* MarketViewController.swift */; };
		2A91591D28644981006F0C7C /* MakeupCardItem.swift in Sources */ = {isa = PBXBuildFile; fileRef = 2A91591C28644981006F0C7C /* MakeupCardItem.swift */; };
		2A91591F2864517E006F0C7C /* MakeupStory.swift in Sources */ = {isa = PBXBuildFile; fileRef = 2A91591E2864517E006F0C7C /* MakeupStory.swift */; };
		2A915921286594F7006F0C7C /* MakeupCardView.swift in Sources */ = {isa = PBXBuildFile; fileRef = 2A915920286594F7006F0C7C /* MakeupCardView.swift */; };
		2A915923286A8E2F006F0C7C /* BannerView.swift in Sources */ = {isa = PBXBuildFile; fileRef = 2A915922286A8E2E006F0C7C /* BannerView.swift */; };
		2A915927286B3B10006F0C7C /* ITButton.swift in Sources */ = {isa = PBXBuildFile; fileRef = 2A915926286B3B10006F0C7C /* ITButton.swift */; };
		2A915929286BDB83006F0C7C /* DoubleITView.swift in Sources */ = {isa = PBXBuildFile; fileRef = 2A915928286BDB83006F0C7C /* DoubleITView.swift */; };
		2A9DFA72287040C000EBCD4E /* DynastyHeaderView.swift in Sources */ = {isa = PBXBuildFile; fileRef = 2A9DFA71287040C000EBCD4E /* DynastyHeaderView.swift */; };
		2A9DFA77287288E700EBCD4E /* TeachingViewController.swift in Sources */ = {isa = PBXBuildFile; fileRef = 2A9DFA76287288E700EBCD4E /* TeachingViewController.swift */; };
		2A9DFA792872CAFC00EBCD4E /* BeginMakeupViewController.swift in Sources */ = {isa = PBXBuildFile; fileRef = 2A9DFA782872CAFC00EBCD4E /* BeginMakeupViewController.swift */; };
		2A9DFA7B2872E0A100EBCD4E /* MakeupStepView.swift in Sources */ = {isa = PBXBuildFile; fileRef = 2A9DFA7A2872E0A100EBCD4E /* MakeupStepView.swift */; };
		2A9DFA7D2873C70700EBCD4E /* LessonStep.swift in Sources */ = {isa = PBXBuildFile; fileRef = 2A9DFA7C2873C70700EBCD4E /* LessonStep.swift */; };
		2A9DFA7F2873E27400EBCD4E /* ToolView.swift in Sources */ = {isa = PBXBuildFile; fileRef = 2A9DFA7E2873E27400EBCD4E /* ToolView.swift */; };
		2A9DFA822874765400EBCD4E /* winter_lesson.mp4 in Resources */ = {isa = PBXBuildFile; fileRef = 2A9DFA812874765400EBCD4E /* winter_lesson.mp4 */; };
		2A9DFA842874770300EBCD4E /* MediaView.swift in Sources */ = {isa = PBXBuildFile; fileRef = 2A9DFA832874770200EBCD4E /* MediaView.swift */; };
		2A9DFA862875207D00EBCD4E /* MakeupPart.swift in Sources */ = {isa = PBXBuildFile; fileRef = 2A9DFA852875207D00EBCD4E /* MakeupPart.swift */; };
		2A9DFB5A289773B100EBCD4E /* FaceLandmark.swift in Sources */ = {isa = PBXBuildFile; fileRef = 2A9DFB59289773B000EBCD4E /* FaceLandmark.swift */; };
		2A9DFB5C289773DB00EBCD4E /* VisionManager.swift in Sources */ = {isa = PBXBuildFile; fileRef = 2A9DFB5B289773DB00EBCD4E /* VisionManager.swift */; };
		2A9DFB5F289774D400EBCD4E /* MovePopTransition.swift in Sources */ = {isa = PBXBuildFile; fileRef = 2A9DFB5E289774D400EBCD4E /* MovePopTransition.swift */; };
		2A9DFB65289E3B8700EBCD4E /* UIAlertController+Extension.swift in Sources */ = {isa = PBXBuildFile; fileRef = 2A9DFB64289E3B8600EBCD4E /* UIAlertController+Extension.swift */; };
		2A9DFB8728A2513E00EBCD4E /* MotionManager.swift in Sources */ = {isa = PBXBuildFile; fileRef = 2A9DFB8628A2513E00EBCD4E /* MotionManager.swift */; };
		2A9DFB8928A341CB00EBCD4E /* IndicatorView.swift in Sources */ = {isa = PBXBuildFile; fileRef = 2A9DFB8828A341CA00EBCD4E /* IndicatorView.swift */; };
		2A9DFB8B28A3EDCC00EBCD4E /* Date+Extension.swift in Sources */ = {isa = PBXBuildFile; fileRef = 2A9DFB8A28A3EDCC00EBCD4E /* Date+Extension.swift */; };
		2A9DFBA528AD01F900EBCD4E /* FaceClassifier.mlmodel in Sources */ = {isa = PBXBuildFile; fileRef = 2A9DFBA028AD01F800EBCD4E /* FaceClassifier.mlmodel */; };
		2A9DFBA628AD01F900EBCD4E /* MouthClassifier.mlmodel in Sources */ = {isa = PBXBuildFile; fileRef = 2A9DFBA128AD01F800EBCD4E /* MouthClassifier.mlmodel */; };
		2A9DFBA728AD01F900EBCD4E /* EyebrowClassifier.mlmodel in Sources */ = {isa = PBXBuildFile; fileRef = 2A9DFBA228AD01F800EBCD4E /* EyebrowClassifier.mlmodel */; };
		2A9DFBA828AD01F900EBCD4E /* NoseClassifier.mlmodel in Sources */ = {isa = PBXBuildFile; fileRef = 2A9DFBA328AD01F800EBCD4E /* NoseClassifier.mlmodel */; };
		2A9DFBA928AD01F900EBCD4E /* EyeClassifer.mlmodel in Sources */ = {isa = PBXBuildFile; fileRef = 2A9DFBA428AD01F800EBCD4E /* EyeClassifer.mlmodel */; };
		2A9DFBAB28AE420000EBCD4E /* PlistManager.swift in Sources */ = {isa = PBXBuildFile; fileRef = 2A9DFBAA28AE420000EBCD4E /* PlistManager.swift */; };
		2A9DFBAD28AE42BB00EBCD4E /* Organs.plist in Resources */ = {isa = PBXBuildFile; fileRef = 2A9DFBAC28AE42BB00EBCD4E /* Organs.plist */; };
		2AC9540628B5D13800D765E1 /* Tang.plist in Resources */ = {isa = PBXBuildFile; fileRef = 2AC9540528B5D13800D765E1 /* Tang.plist */; };
		2AC9540828B5DB3900D765E1 /* DynastyMakeup.plist in Resources */ = {isa = PBXBuildFile; fileRef = 2AC9540728B5DB3900D765E1 /* DynastyMakeup.plist */; };
		2AC9540A28B5DC8E00D765E1 /* Song.plist in Resources */ = {isa = PBXBuildFile; fileRef = 2AC9540928B5DC8E00D765E1 /* Song.plist */; };
		2AC9540C28B5DC9400D765E1 /* Han.plist in Resources */ = {isa = PBXBuildFile; fileRef = 2AC9540B28B5DC9400D765E1 /* Han.plist */; };
		2AC9540E28B5DC9900D765E1 /* Ming.plist in Resources */ = {isa = PBXBuildFile; fileRef = 2AC9540D28B5DC9900D765E1 /* Ming.plist */; };
/* End PBXBuildFile section */

/* Begin PBXFileReference section */
		2A0EEB6328B8B5D8006651F7 /* Styles.plist */ = {isa = PBXFileReference; lastKnownFileType = text.plist.xml; path = Styles.plist; sourceTree = "<group>"; };
		2A216B3228B4B107003B4151 /* TryMakeupViewController.swift */ = {isa = PBXFileReference; lastKnownFileType = sourcecode.swift; path = TryMakeupViewController.swift; sourceTree = "<group>"; };
		2A4DC8C6282CB19F00DCB64C /* CameraTool.swift */ = {isa = PBXFileReference; lastKnownFileType = sourcecode.swift; path = CameraTool.swift; sourceTree = "<group>"; };
		2A4DC8C8282CEDEB00DCB64C /* CameraPreviewView.swift */ = {isa = PBXFileReference; lastKnownFileType = sourcecode.swift; path = CameraPreviewView.swift; sourceTree = "<group>"; };
		2A4DC8CE282E388100DCB64C /* RecommendHeaderView.swift */ = {isa = PBXFileReference; lastKnownFileType = sourcecode.swift; path = RecommendHeaderView.swift; sourceTree = "<group>"; };
		2A4DC8D0282E86D400DCB64C /* RecommendDetailViewController.swift */ = {isa = PBXFileReference; lastKnownFileType = sourcecode.swift; path = RecommendDetailViewController.swift; sourceTree = "<group>"; };
		2A5E5C6E2818EF3E003C8445 /* DiscoverViewController.swift */ = {isa = PBXFileReference; fileEncoding = 4; lastKnownFileType = sourcecode.swift; path = DiscoverViewController.swift; sourceTree = "<group>"; };
		2A5E5C6F2818EF3E003C8445 /* FoucsViewController.swift */ = {isa = PBXFileReference; fileEncoding = 4; lastKnownFileType = sourcecode.swift; path = FoucsViewController.swift; sourceTree = "<group>"; };
		2A5E5C702818EF3E003C8445 /* WaterfallFlowLayout.swift */ = {isa = PBXFileReference; fileEncoding = 4; lastKnownFileType = sourcecode.swift; path = WaterfallFlowLayout.swift; sourceTree = "<group>"; };
		2A5E5C712818EF3E003C8445 /* NewsCollectionViewCell.swift */ = {isa = PBXFileReference; fileEncoding = 4; lastKnownFileType = sourcecode.swift; path = NewsCollectionViewCell.swift; sourceTree = "<group>"; };
		2A5E5C722818EF3E003C8445 /* NewDetailViewController.swift */ = {isa = PBXFileReference; fileEncoding = 4; lastKnownFileType = sourcecode.swift; path = NewDetailViewController.swift; sourceTree = "<group>"; };
		2A5E5C742818EF3E003C8445 /* SegmentView.swift */ = {isa = PBXFileReference; fileEncoding = 4; lastKnownFileType = sourcecode.swift; path = SegmentView.swift; sourceTree = "<group>"; };
		2A5E5C752818EF3E003C8445 /* PersonalHeaderView.swift */ = {isa = PBXFileReference; fileEncoding = 4; lastKnownFileType = sourcecode.swift; path = PersonalHeaderView.swift; sourceTree = "<group>"; };
		2A5E5C762818EF3E003C8445 /* PersonalViewController.swift */ = {isa = PBXFileReference; fileEncoding = 4; lastKnownFileType = sourcecode.swift; path = PersonalViewController.swift; sourceTree = "<group>"; };
		2A5E5C772818EF3E003C8445 /* LikeViewController.swift */ = {isa = PBXFileReference; fileEncoding = 4; lastKnownFileType = sourcecode.swift; path = LikeViewController.swift; sourceTree = "<group>"; };
		2A5E5C782818EF3E003C8445 /* DisplayView.swift */ = {isa = PBXFileReference; fileEncoding = 4; lastKnownFileType = sourcecode.swift; path = DisplayView.swift; sourceTree = "<group>"; };
		2A5E5C792818EF3E003C8445 /* CollectionViewController.swift */ = {isa = PBXFileReference; fileEncoding = 4; lastKnownFileType = sourcecode.swift; path = CollectionViewController.swift; sourceTree = "<group>"; };
		2A5E5C85281AA927003C8445 /* NavViewController.swift */ = {isa = PBXFileReference; lastKnownFileType = sourcecode.swift; path = NavViewController.swift; sourceTree = "<group>"; };
		2A5E5C8A281B8196003C8445 /* NavView.swift */ = {isa = PBXFileReference; lastKnownFileType = sourcecode.swift; path = NavView.swift; sourceTree = "<group>"; };
		2A5E5C8C281BD0A2003C8445 /* Global.swift */ = {isa = PBXFileReference; lastKnownFileType = sourcecode.swift; path = Global.swift; sourceTree = "<group>"; };
		2A88C96528210EF800A13BCE /* CommunityViewController.swift */ = {isa = PBXFileReference; lastKnownFileType = sourcecode.swift; path = CommunityViewController.swift; sourceTree = "<group>"; };
		2A88C96728210FAD00A13BCE /* NavBarView.swift */ = {isa = PBXFileReference; lastKnownFileType = sourcecode.swift; path = NavBarView.swift; sourceTree = "<group>"; };
		2A88C9D8282372E000A13BCE /* UIImageView+Extension.swift */ = {isa = PBXFileReference; lastKnownFileType = sourcecode.swift; path = "UIImageView+Extension.swift"; sourceTree = "<group>"; };
		2A88C9DA2823AB6A00A13BCE /* DetailBottomView.swift */ = {isa = PBXFileReference; lastKnownFileType = sourcecode.swift; path = DetailBottomView.swift; sourceTree = "<group>"; };
		2A88C9DC2824ABB100A13BCE /* CommentViewCell.swift */ = {isa = PBXFileReference; lastKnownFileType = sourcecode.swift; path = CommentViewCell.swift; sourceTree = "<group>"; };
		2A88C9DE2824B43400A13BCE /* SubCommentViewCell.swift */ = {isa = PBXFileReference; lastKnownFileType = sourcecode.swift; path = SubCommentViewCell.swift; sourceTree = "<group>"; };
		2A88C9E028260C9600A13BCE /* FaceAnalyzeViewController.swift */ = {isa = PBXFileReference; lastKnownFileType = sourcecode.swift; path = FaceAnalyzeViewController.swift; sourceTree = "<group>"; };
		2A88C9E22826507400A13BCE /* UIViewController+Extension.swift */ = {isa = PBXFileReference; lastKnownFileType = sourcecode.swift; path = "UIViewController+Extension.swift"; sourceTree = "<group>"; };
		2A88C9E4282653D800A13BCE /* BaseViewController.swift */ = {isa = PBXFileReference; lastKnownFileType = sourcecode.swift; path = BaseViewController.swift; sourceTree = "<group>"; };
		2A88C9E628266CB300A13BCE /* AnalysisViewController.swift */ = {isa = PBXFileReference; lastKnownFileType = sourcecode.swift; path = AnalysisViewController.swift; sourceTree = "<group>"; };
		2A88C9E8282786A800A13BCE /* RecommendViewController.swift */ = {isa = PBXFileReference; lastKnownFileType = sourcecode.swift; path = RecommendViewController.swift; sourceTree = "<group>"; };
		2A88C9EA282790F200A13BCE /* MainFaceViewController.swift */ = {isa = PBXFileReference; lastKnownFileType = sourcecode.swift; path = MainFaceViewController.swift; sourceTree = "<group>"; };
		2A88C9EC2827923D00A13BCE /* BaseTabBarController.swift */ = {isa = PBXFileReference; lastKnownFileType = sourcecode.swift; path = BaseTabBarController.swift; sourceTree = "<group>"; };
		2A88C9EE2828F01E00A13BCE /* OrgansView.swift */ = {isa = PBXFileReference; lastKnownFileType = sourcecode.swift; path = OrgansView.swift; sourceTree = "<group>"; };
		2A88C9F6282BACD700A13BCE /* RecommendViewCell.swift */ = {isa = PBXFileReference; lastKnownFileType = sourcecode.swift; path = RecommendViewCell.swift; sourceTree = "<group>"; };
		2A8EA81B28587109009837F0 /* PersonalNavView.swift */ = {isa = PBXFileReference; lastKnownFileType = sourcecode.swift; path = PersonalNavView.swift; sourceTree = "<group>"; };
		2A8EA81E285C1C1B009837F0 /* PickerDelegate.swift */ = {isa = PBXFileReference; lastKnownFileType = sourcecode.swift; path = PickerDelegate.swift; sourceTree = "<group>"; };
		2A90D74C2809470900E79596 /* Ancientmakeup.app */ = {isa = PBXFileReference; explicitFileType = wrapper.application; includeInIndex = 0; path = Ancientmakeup.app; sourceTree = BUILT_PRODUCTS_DIR; };
		2A90D74F2809470900E79596 /* AppDelegate.swift */ = {isa = PBXFileReference; lastKnownFileType = sourcecode.swift; path = AppDelegate.swift; sourceTree = "<group>"; };
		2A90D7512809470900E79596 /* SceneDelegate.swift */ = {isa = PBXFileReference; lastKnownFileType = sourcecode.swift; path = SceneDelegate.swift; sourceTree = "<group>"; };
		2A90D7562809470900E79596 /* Base */ = {isa = PBXFileReference; lastKnownFileType = file.storyboard; name = Base; path = Base.lproj/Main.storyboard; sourceTree = "<group>"; };
		2A90D7582809470C00E79596 /* Assets.xcassets */ = {isa = PBXFileReference; lastKnownFileType = folder.assetcatalog; path = Assets.xcassets; sourceTree = "<group>"; };
		2A90D75B2809470C00E79596 /* Base */ = {isa = PBXFileReference; lastKnownFileType = file.storyboard; name = Base; path = Base.lproj/LaunchScreen.storyboard; sourceTree = "<group>"; };
		2A90D75D2809470C00E79596 /* Info.plist */ = {isa = PBXFileReference; lastKnownFileType = text.plist.xml; path = Info.plist; sourceTree = "<group>"; };
		2A90D7682809486100E79596 /* UIColor+Extension.swift */ = {isa = PBXFileReference; lastKnownFileType = sourcecode.swift; path = "UIColor+Extension.swift"; sourceTree = "<group>"; };
		2A90D770280955E600E79596 /* MainViewController.swift */ = {isa = PBXFileReference; lastKnownFileType = sourcecode.swift; path = MainViewController.swift; sourceTree = "<group>"; };
		2A90D77228095A0400E79596 /* DIYTabBar.swift */ = {isa = PBXFileReference; lastKnownFileType = sourcecode.swift; path = DIYTabBar.swift; sourceTree = "<group>"; };
		2A90D775280A686200E79596 /* HomeViewController.swift */ = {isa = PBXFileReference; lastKnownFileType = sourcecode.swift; path = HomeViewController.swift; sourceTree = "<group>"; };
		2A90D777280AAFB000E79596 /* DIYTabBarItem.swift */ = {isa = PBXFileReference; lastKnownFileType = sourcecode.swift; path = DIYTabBarItem.swift; sourceTree = "<group>"; };
		2A90D77D280C106800E79596 /* RoundedRectView.swift */ = {isa = PBXFileReference; lastKnownFileType = sourcecode.swift; path = RoundedRectView.swift; sourceTree = "<group>"; };
		2A90D77F280C164A00E79596 /* ComponentView.swift */ = {isa = PBXFileReference; lastKnownFileType = sourcecode.swift; path = ComponentView.swift; sourceTree = "<group>"; };
		2A90D781280D55BC00E79596 /* UIView+Extension.swift */ = {isa = PBXFileReference; lastKnownFileType = sourcecode.swift; path = "UIView+Extension.swift"; sourceTree = "<group>"; };
		2A90D783280E7AF900E79596 /* UIImage+Extension.swift */ = {isa = PBXFileReference; lastKnownFileType = sourcecode.swift; path = "UIImage+Extension.swift"; sourceTree = "<group>"; };
		2A90D807280EAC8600E79596 /* BaseScrollViewController.swift */ = {isa = PBXFileReference; lastKnownFileType = sourcecode.swift; path = BaseScrollViewController.swift; sourceTree = "<group>"; };
		2A915906286018B3006F0C7C /* HorizontalLayout.swift */ = {isa = PBXFileReference; lastKnownFileType = sourcecode.swift; path = HorizontalLayout.swift; sourceTree = "<group>"; };
		2A91590828601E8A006F0C7C /* TPBWCollectionViewCell.swift */ = {isa = PBXFileReference; lastKnownFileType = sourcecode.swift; path = TPBWCollectionViewCell.swift; sourceTree = "<group>"; };
		2A91590C28605DF2006F0C7C /* Makeup.swift */ = {isa = PBXFileReference; lastKnownFileType = sourcecode.swift; path = Makeup.swift; sourceTree = "<group>"; };
		2A91590E28605EDE006F0C7C /* DynastyMakeup.swift */ = {isa = PBXFileReference; lastKnownFileType = sourcecode.swift; path = DynastyMakeup.swift; sourceTree = "<group>"; };
		2A91591028605F43006F0C7C /* Organs.swift */ = {isa = PBXFileReference; lastKnownFileType = sourcecode.swift; path = Organs.swift; sourceTree = "<group>"; };
		2A91591228615B4D006F0C7C /* DynastyMakeupController.swift */ = {isa = PBXFileReference; lastKnownFileType = sourcecode.swift; path = DynastyMakeupController.swift; sourceTree = "<group>"; };
		2A9159142861615E006F0C7C /* HorizontalCollectionView.swift */ = {isa = PBXFileReference; lastKnownFileType = sourcecode.swift; path = HorizontalCollectionView.swift; sourceTree = "<group>"; };
		2A91591828640FA2006F0C7C /* ReleaseViewController.swift */ = {isa = PBXFileReference; lastKnownFileType = sourcecode.swift; path = ReleaseViewController.swift; sourceTree = "<group>"; };
		2A91591A28640FD3006F0C7C /* MarketViewController.swift */ = {isa = PBXFileReference; lastKnownFileType = sourcecode.swift; path = MarketViewController.swift; sourceTree = "<group>"; };
		2A91591C28644981006F0C7C /* MakeupCardItem.swift */ = {isa = PBXFileReference; lastKnownFileType = sourcecode.swift; path = MakeupCardItem.swift; sourceTree = "<group>"; };
		2A91591E2864517E006F0C7C /* MakeupStory.swift */ = {isa = PBXFileReference; lastKnownFileType = sourcecode.swift; path = MakeupStory.swift; sourceTree = "<group>"; };
		2A915920286594F7006F0C7C /* MakeupCardView.swift */ = {isa = PBXFileReference; lastKnownFileType = sourcecode.swift; path = MakeupCardView.swift; sourceTree = "<group>"; };
		2A915922286A8E2E006F0C7C /* BannerView.swift */ = {isa = PBXFileReference; lastKnownFileType = sourcecode.swift; path = BannerView.swift; sourceTree = "<group>"; };
		2A915926286B3B10006F0C7C /* ITButton.swift */ = {isa = PBXFileReference; lastKnownFileType = sourcecode.swift; path = ITButton.swift; sourceTree = "<group>"; };
		2A915928286BDB83006F0C7C /* DoubleITView.swift */ = {isa = PBXFileReference; lastKnownFileType = sourcecode.swift; path = DoubleITView.swift; sourceTree = "<group>"; };
		2A9DFA71287040C000EBCD4E /* DynastyHeaderView.swift */ = {isa = PBXFileReference; lastKnownFileType = sourcecode.swift; path = DynastyHeaderView.swift; sourceTree = "<group>"; };
		2A9DFA76287288E700EBCD4E /* TeachingViewController.swift */ = {isa = PBXFileReference; lastKnownFileType = sourcecode.swift; path = TeachingViewController.swift; sourceTree = "<group>"; };
		2A9DFA782872CAFC00EBCD4E /* BeginMakeupViewController.swift */ = {isa = PBXFileReference; lastKnownFileType = sourcecode.swift; path = BeginMakeupViewController.swift; sourceTree = "<group>"; };
		2A9DFA7A2872E0A100EBCD4E /* MakeupStepView.swift */ = {isa = PBXFileReference; lastKnownFileType = sourcecode.swift; path = MakeupStepView.swift; sourceTree = "<group>"; };
		2A9DFA7C2873C70700EBCD4E /* LessonStep.swift */ = {isa = PBXFileReference; lastKnownFileType = sourcecode.swift; path = LessonStep.swift; sourceTree = "<group>"; };
		2A9DFA7E2873E27400EBCD4E /* ToolView.swift */ = {isa = PBXFileReference; lastKnownFileType = sourcecode.swift; path = ToolView.swift; sourceTree = "<group>"; };
		2A9DFA812874765400EBCD4E /* winter_lesson.mp4 */ = {isa = PBXFileReference; lastKnownFileType = file; path = winter_lesson.mp4; sourceTree = "<group>"; };
		2A9DFA832874770200EBCD4E /* MediaView.swift */ = {isa = PBXFileReference; lastKnownFileType = sourcecode.swift; path = MediaView.swift; sourceTree = "<group>"; };
		2A9DFA852875207D00EBCD4E /* MakeupPart.swift */ = {isa = PBXFileReference; lastKnownFileType = sourcecode.swift; path = MakeupPart.swift; sourceTree = "<group>"; };
		2A9DFB59289773B000EBCD4E /* FaceLandmark.swift */ = {isa = PBXFileReference; fileEncoding = 4; lastKnownFileType = sourcecode.swift; path = FaceLandmark.swift; sourceTree = "<group>"; };
		2A9DFB5B289773DB00EBCD4E /* VisionManager.swift */ = {isa = PBXFileReference; fileEncoding = 4; lastKnownFileType = sourcecode.swift; path = VisionManager.swift; sourceTree = "<group>"; };
		2A9DFB5E289774D400EBCD4E /* MovePopTransition.swift */ = {isa = PBXFileReference; lastKnownFileType = sourcecode.swift; path = MovePopTransition.swift; sourceTree = "<group>"; };
		2A9DFB64289E3B8600EBCD4E /* UIAlertController+Extension.swift */ = {isa = PBXFileReference; lastKnownFileType = sourcecode.swift; path = "UIAlertController+Extension.swift"; sourceTree = "<group>"; };
		2A9DFB8628A2513E00EBCD4E /* MotionManager.swift */ = {isa = PBXFileReference; lastKnownFileType = sourcecode.swift; path = MotionManager.swift; sourceTree = "<group>"; };
		2A9DFB8828A341CA00EBCD4E /* IndicatorView.swift */ = {isa = PBXFileReference; lastKnownFileType = sourcecode.swift; path = IndicatorView.swift; sourceTree = "<group>"; };
		2A9DFB8A28A3EDCC00EBCD4E /* Date+Extension.swift */ = {isa = PBXFileReference; lastKnownFileType = sourcecode.swift; path = "Date+Extension.swift"; sourceTree = "<group>"; };
		2A9DFBA028AD01F800EBCD4E /* FaceClassifier.mlmodel */ = {isa = PBXFileReference; lastKnownFileType = file.mlmodel; path = FaceClassifier.mlmodel; sourceTree = "<group>"; };
		2A9DFBA128AD01F800EBCD4E /* MouthClassifier.mlmodel */ = {isa = PBXFileReference; lastKnownFileType = file.mlmodel; path = MouthClassifier.mlmodel; sourceTree = "<group>"; };
		2A9DFBA228AD01F800EBCD4E /* EyebrowClassifier.mlmodel */ = {isa = PBXFileReference; lastKnownFileType = file.mlmodel; path = EyebrowClassifier.mlmodel; sourceTree = "<group>"; };
		2A9DFBA328AD01F800EBCD4E /* NoseClassifier.mlmodel */ = {isa = PBXFileReference; lastKnownFileType = file.mlmodel; path = NoseClassifier.mlmodel; sourceTree = "<group>"; };
		2A9DFBA428AD01F800EBCD4E /* EyeClassifer.mlmodel */ = {isa = PBXFileReference; lastKnownFileType = file.mlmodel; path = EyeClassifer.mlmodel; sourceTree = "<group>"; };
		2A9DFBAA28AE420000EBCD4E /* PlistManager.swift */ = {isa = PBXFileReference; lastKnownFileType = sourcecode.swift; path = PlistManager.swift; sourceTree = "<group>"; };
		2A9DFBAC28AE42BB00EBCD4E /* Organs.plist */ = {isa = PBXFileReference; lastKnownFileType = text.plist.xml; path = Organs.plist; sourceTree = "<group>"; };
		2AC9540528B5D13800D765E1 /* Tang.plist */ = {isa = PBXFileReference; lastKnownFileType = text.plist.xml; path = Tang.plist; sourceTree = "<group>"; };
		2AC9540728B5DB3900D765E1 /* DynastyMakeup.plist */ = {isa = PBXFileReference; lastKnownFileType = text.plist.xml; path = DynastyMakeup.plist; sourceTree = "<group>"; };
		2AC9540928B5DC8E00D765E1 /* Song.plist */ = {isa = PBXFileReference; lastKnownFileType = text.plist.xml; path = Song.plist; sourceTree = "<group>"; };
		2AC9540B28B5DC9400D765E1 /* Han.plist */ = {isa = PBXFileReference; lastKnownFileType = text.plist.xml; path = Han.plist; sourceTree = "<group>"; };
		2AC9540D28B5DC9900D765E1 /* Ming.plist */ = {isa = PBXFileReference; lastKnownFileType = text.plist.xml; path = Ming.plist; sourceTree = "<group>"; };
		51B3B802CFDF59275E8CFE14 /* Pods-Ancientmakeup.debug.xcconfig */ = {isa = PBXFileReference; includeInIndex = 1; lastKnownFileType = text.xcconfig; name = "Pods-Ancientmakeup.debug.xcconfig"; path = "Target Support Files/Pods-Ancientmakeup/Pods-Ancientmakeup.debug.xcconfig"; sourceTree = "<group>"; };
		A8B5D31DBA729C3B1F74361E /* Pods-Ancientmakeup.release.xcconfig */ = {isa = PBXFileReference; includeInIndex = 1; lastKnownFileType = text.xcconfig; name = "Pods-Ancientmakeup.release.xcconfig"; path = "Target Support Files/Pods-Ancientmakeup/Pods-Ancientmakeup.release.xcconfig"; sourceTree = "<group>"; };
		ED99C6D1E041174F21ABB7B4 /* libPods-Ancientmakeup.a */ = {isa = PBXFileReference; explicitFileType = archive.ar; includeInIndex = 0; path = "libPods-Ancientmakeup.a"; sourceTree = BUILT_PRODUCTS_DIR; };
/* End PBXFileReference section */

/* Begin PBXFrameworksBuildPhase section */
		2A90D7492809470900E79596 /* Frameworks */ = {
			isa = PBXFrameworksBuildPhase;
			buildActionMask = 2147483647;
			files = (
				0BEA7802AEFE4B1306E433AC /* libPods-Ancientmakeup.a in Frameworks */,
			);
			runOnlyForDeploymentPostprocessing = 0;
		};
/* End PBXFrameworksBuildPhase section */

/* Begin PBXGroup section */
		2A5E5C6D2818EF3E003C8445 /* Discover */ = {
			isa = PBXGroup;
			children = (
				2A5E5C6E2818EF3E003C8445 /* DiscoverViewController.swift */,
				2A5E5C6F2818EF3E003C8445 /* FoucsViewController.swift */,
				2A88C96528210EF800A13BCE /* CommunityViewController.swift */,
				2A5E5C722818EF3E003C8445 /* NewDetailViewController.swift */,
				2A88C9DA2823AB6A00A13BCE /* DetailBottomView.swift */,
			);
			path = Discover;
			sourceTree = "<group>";
		};
		2A5E5C732818EF3E003C8445 /* Personal */ = {
			isa = PBXGroup;
			children = (
				2A5E5C762818EF3E003C8445 /* PersonalViewController.swift */,
				2A8EA81B28587109009837F0 /* PersonalNavView.swift */,
				2A5E5C752818EF3E003C8445 /* PersonalHeaderView.swift */,
				2A5E5C772818EF3E003C8445 /* LikeViewController.swift */,
				2A5E5C792818EF3E003C8445 /* CollectionViewController.swift */,
			);
			path = Personal;
			sourceTree = "<group>";
		};
		2A5E5C87281AD2D7003C8445 /* Cell */ = {
			isa = PBXGroup;
			children = (
				2A5E5C712818EF3E003C8445 /* NewsCollectionViewCell.swift */,
				2A88C9DC2824ABB100A13BCE /* CommentViewCell.swift */,
				2A88C9DE2824B43400A13BCE /* SubCommentViewCell.swift */,
				2A88C9F6282BACD700A13BCE /* RecommendViewCell.swift */,
				2A91590828601E8A006F0C7C /* TPBWCollectionViewCell.swift */,
			);
			path = Cell;
			sourceTree = "<group>";
		};
		2A5E5C88281AD2ED003C8445 /* Layout */ = {
			isa = PBXGroup;
			children = (
				2A5E5C702818EF3E003C8445 /* WaterfallFlowLayout.swift */,
				2A915906286018B3006F0C7C /* HorizontalLayout.swift */,
			);
			path = Layout;
			sourceTree = "<group>";
		};
		2A88C9D3282206B200A13BCE /* Model */ = {
			isa = PBXGroup;
			children = (
				2A9DFB59289773B000EBCD4E /* FaceLandmark.swift */,
				2A91591028605F43006F0C7C /* Organs.swift */,
				2A91590E28605EDE006F0C7C /* DynastyMakeup.swift */,
				2A91590C28605DF2006F0C7C /* Makeup.swift */,
				2A91591E2864517E006F0C7C /* MakeupStory.swift */,
				2A9DFA852875207D00EBCD4E /* MakeupPart.swift */,
				2A9DFA7C2873C70700EBCD4E /* LessonStep.swift */,
			);
			path = Model;
			sourceTree = "<group>";
		};
		2A8EA81D285C18C8009837F0 /* Delegate */ = {
			isa = PBXGroup;
			children = (
				2A8EA81E285C1C1B009837F0 /* PickerDelegate.swift */,
			);
			path = Delegate;
			sourceTree = "<group>";
		};
		2A90D7432809470900E79596 = {
			isa = PBXGroup;
			children = (
				2A90D74E2809470900E79596 /* Ancientmakeup */,
				2A90D74D2809470900E79596 /* Products */,
				8348729A6A9E3AD1D219F3C3 /* Pods */,
				3C2423BD0A25C1E8168FE532 /* Frameworks */,
			);
			sourceTree = "<group>";
		};
		2A90D74D2809470900E79596 /* Products */ = {
			isa = PBXGroup;
			children = (
				2A90D74C2809470900E79596 /* Ancientmakeup.app */,
			);
			name = Products;
			sourceTree = "<group>";
		};
		2A90D74E2809470900E79596 /* Ancientmakeup */ = {
			isa = PBXGroup;
			children = (
				2A9DFBAE28AE42C800EBCD4E /* Infos */,
				2A9DFB9128ACA03600EBCD4E /* Models */,
				2A9DFA802874764400EBCD4E /* Media */,
				2A90D7672809483300E79596 /* Extension */,
				2A90D7642809478800E79596 /* Common */,
				2A90D7632809474300E79596 /* App */,
				2A90D74F2809470900E79596 /* AppDelegate.swift */,
				2A90D7512809470900E79596 /* SceneDelegate.swift */,
				2A90D7552809470900E79596 /* Main.storyboard */,
				2A90D7582809470C00E79596 /* Assets.xcassets */,
				2A90D75A2809470C00E79596 /* LaunchScreen.storyboard */,
				2A90D75D2809470C00E79596 /* Info.plist */,
			);
			path = Ancientmakeup;
			sourceTree = "<group>";
		};
		2A90D7632809474300E79596 /* App */ = {
			isa = PBXGroup;
			children = (
				2A9DFB5D289774A900EBCD4E /* Animation */,
				2A8EA81D285C18C8009837F0 /* Delegate */,
				2A88C9D3282206B200A13BCE /* Model */,
				2A90D806280EAC5900E79596 /* BaseClass */,
				2A90D774280A681200E79596 /* CommonView */,
				2A90D76C2809530200E79596 /* Home */,
				2A5E5C6D2818EF3E003C8445 /* Discover */,
				2A91591728640F4C006F0C7C /* Release */,
				2A91591628640F46006F0C7C /* Shop */,
				2A5E5C732818EF3E003C8445 /* Personal */,
				2A90D770280955E600E79596 /* MainViewController.swift */,
				2A5E5C85281AA927003C8445 /* NavViewController.swift */,
			);
			path = App;
			sourceTree = "<group>";
		};
		2A90D7642809478800E79596 /* Common */ = {
			isa = PBXGroup;
			children = (
				2A9DFB5B289773DB00EBCD4E /* VisionManager.swift */,
				2A5E5C8C281BD0A2003C8445 /* Global.swift */,
				2A4DC8C6282CB19F00DCB64C /* CameraTool.swift */,
				2A9DFB8628A2513E00EBCD4E /* MotionManager.swift */,
				2A9DFBAA28AE420000EBCD4E /* PlistManager.swift */,
			);
			path = Common;
			sourceTree = "<group>";
		};
		2A90D7672809483300E79596 /* Extension */ = {
			isa = PBXGroup;
			children = (
				2A90D7682809486100E79596 /* UIColor+Extension.swift */,
				2A90D781280D55BC00E79596 /* UIView+Extension.swift */,
				2A90D783280E7AF900E79596 /* UIImage+Extension.swift */,
				2A88C9D8282372E000A13BCE /* UIImageView+Extension.swift */,
				2A88C9E22826507400A13BCE /* UIViewController+Extension.swift */,
				2A9DFB64289E3B8600EBCD4E /* UIAlertController+Extension.swift */,
				2A9DFB8A28A3EDCC00EBCD4E /* Date+Extension.swift */,
			);
			path = Extension;
			sourceTree = "<group>";
		};
		2A90D76C2809530200E79596 /* Home */ = {
			isa = PBXGroup;
			children = (
				2A9DFA75287288BB00EBCD4E /* Lesson */,
				2A9DFA742872888E00EBCD4E /* Dynasty */,
				2A9DFA732872888500EBCD4E /* Face */,
				2A90D775280A686200E79596 /* HomeViewController.swift */,
				2A915920286594F7006F0C7C /* MakeupCardView.swift */,
				2A91591C28644981006F0C7C /* MakeupCardItem.swift */,
			);
			path = Home;
			sourceTree = "<group>";
		};
		2A90D76D2809530800E79596 /* View */ = {
			isa = PBXGroup;
			children = (
				2A5E5C782818EF3E003C8445 /* DisplayView.swift */,
				2A5E5C742818EF3E003C8445 /* SegmentView.swift */,
				2A90D777280AAFB000E79596 /* DIYTabBarItem.swift */,
				2A90D77228095A0400E79596 /* DIYTabBar.swift */,
				2A90D77F280C164A00E79596 /* ComponentView.swift */,
				2A90D77D280C106800E79596 /* RoundedRectView.swift */,
				2A5E5C8A281B8196003C8445 /* NavView.swift */,
				2A88C96728210FAD00A13BCE /* NavBarView.swift */,
				2A88C9EE2828F01E00A13BCE /* OrgansView.swift */,
				2A4DC8C8282CEDEB00DCB64C /* CameraPreviewView.swift */,
				2A9159142861615E006F0C7C /* HorizontalCollectionView.swift */,
				2A915922286A8E2E006F0C7C /* BannerView.swift */,
				2A915926286B3B10006F0C7C /* ITButton.swift */,
				2A915928286BDB83006F0C7C /* DoubleITView.swift */,
				2A9DFB8828A341CA00EBCD4E /* IndicatorView.swift */,
			);
			path = View;
			sourceTree = "<group>";
		};
		2A90D774280A681200E79596 /* CommonView */ = {
			isa = PBXGroup;
			children = (
				2A5E5C88281AD2ED003C8445 /* Layout */,
				2A5E5C87281AD2D7003C8445 /* Cell */,
				2A90D76D2809530800E79596 /* View */,
			);
			path = CommonView;
			sourceTree = "<group>";
		};
		2A90D806280EAC5900E79596 /* BaseClass */ = {
			isa = PBXGroup;
			children = (
				2A90D807280EAC8600E79596 /* BaseScrollViewController.swift */,
				2A88C9E4282653D800A13BCE /* BaseViewController.swift */,
				2A88C9EC2827923D00A13BCE /* BaseTabBarController.swift */,
			);
			path = BaseClass;
			sourceTree = "<group>";
		};
		2A91591628640F46006F0C7C /* Shop */ = {
			isa = PBXGroup;
			children = (
				2A91591A28640FD3006F0C7C /* MarketViewController.swift */,
			);
			path = Shop;
			sourceTree = "<group>";
		};
		2A91591728640F4C006F0C7C /* Release */ = {
			isa = PBXGroup;
			children = (
				2A91591828640FA2006F0C7C /* ReleaseViewController.swift */,
			);
			path = Release;
			sourceTree = "<group>";
		};
		2A9DFA732872888500EBCD4E /* Face */ = {
			isa = PBXGroup;
			children = (
				2A88C9E028260C9600A13BCE /* FaceAnalyzeViewController.swift */,
				2A88C9EA282790F200A13BCE /* MainFaceViewController.swift */,
				2A88C9E628266CB300A13BCE /* AnalysisViewController.swift */,
				2A88C9E8282786A800A13BCE /* RecommendViewController.swift */,
				2A4DC8CE282E388100DCB64C /* RecommendHeaderView.swift */,
				2A4DC8D0282E86D400DCB64C /* RecommendDetailViewController.swift */,
				2A216B3228B4B107003B4151 /* TryMakeupViewController.swift */,
			);
			path = Face;
			sourceTree = "<group>";
		};
		2A9DFA742872888E00EBCD4E /* Dynasty */ = {
			isa = PBXGroup;
			children = (
				2A9DFA71287040C000EBCD4E /* DynastyHeaderView.swift */,
				2A91591228615B4D006F0C7C /* DynastyMakeupController.swift */,
			);
			path = Dynasty;
			sourceTree = "<group>";
		};
		2A9DFA75287288BB00EBCD4E /* Lesson */ = {
			isa = PBXGroup;
			children = (
				2A9DFA76287288E700EBCD4E /* TeachingViewController.swift */,
				2A9DFA782872CAFC00EBCD4E /* BeginMakeupViewController.swift */,
				2A9DFA7A2872E0A100EBCD4E /* MakeupStepView.swift */,
				2A9DFA7E2873E27400EBCD4E /* ToolView.swift */,
				2A9DFA832874770200EBCD4E /* MediaView.swift */,
			);
			path = Lesson;
			sourceTree = "<group>";
		};
		2A9DFA802874764400EBCD4E /* Media */ = {
			isa = PBXGroup;
			children = (
				2A9DFA812874765400EBCD4E /* winter_lesson.mp4 */,
			);
			path = Media;
			sourceTree = "<group>";
		};
		2A9DFB5D289774A900EBCD4E /* Animation */ = {
			isa = PBXGroup;
			children = (
				2A9DFB5E289774D400EBCD4E /* MovePopTransition.swift */,
			);
			path = Animation;
			sourceTree = "<group>";
		};
		2A9DFB9128ACA03600EBCD4E /* Models */ = {
			isa = PBXGroup;
			children = (
				2A9DFBA228AD01F800EBCD4E /* EyebrowClassifier.mlmodel */,
				2A9DFBA428AD01F800EBCD4E /* EyeClassifer.mlmodel */,
				2A9DFBA028AD01F800EBCD4E /* FaceClassifier.mlmodel */,
				2A9DFBA128AD01F800EBCD4E /* MouthClassifier.mlmodel */,
				2A9DFBA328AD01F800EBCD4E /* NoseClassifier.mlmodel */,
			);
			path = Models;
			sourceTree = "<group>";
		};
		2A9DFBAE28AE42C800EBCD4E /* Infos */ = {
			isa = PBXGroup;
			children = (
				2A9DFBAC28AE42BB00EBCD4E /* Organs.plist */,
				2AC9540728B5DB3900D765E1 /* DynastyMakeup.plist */,
				2AC9540B28B5DC9400D765E1 /* Han.plist */,
				2AC9540528B5D13800D765E1 /* Tang.plist */,
				2AC9540928B5DC8E00D765E1 /* Song.plist */,
				2AC9540D28B5DC9900D765E1 /* Ming.plist */,
				2A0EEB6328B8B5D8006651F7 /* Styles.plist */,
			);
			path = Infos;
			sourceTree = "<group>";
		};
		3C2423BD0A25C1E8168FE532 /* Frameworks */ = {
			isa = PBXGroup;
			children = (
				ED99C6D1E041174F21ABB7B4 /* libPods-Ancientmakeup.a */,
			);
			name = Frameworks;
			sourceTree = "<group>";
		};
		8348729A6A9E3AD1D219F3C3 /* Pods */ = {
			isa = PBXGroup;
			children = (
				51B3B802CFDF59275E8CFE14 /* Pods-Ancientmakeup.debug.xcconfig */,
				A8B5D31DBA729C3B1F74361E /* Pods-Ancientmakeup.release.xcconfig */,
			);
			path = Pods;
			sourceTree = "<group>";
		};
/* End PBXGroup section */

/* Begin PBXNativeTarget section */
		2A90D74B2809470900E79596 /* Ancientmakeup */ = {
			isa = PBXNativeTarget;
			buildConfigurationList = 2A90D7602809470C00E79596 /* Build configuration list for PBXNativeTarget "Ancientmakeup" */;
			buildPhases = (
				4619A39BDF2E0BDD0C92480B /* [CP] Check Pods Manifest.lock */,
				2A90D7482809470900E79596 /* Sources */,
				2A90D7492809470900E79596 /* Frameworks */,
				2A90D74A2809470900E79596 /* Resources */,
			);
			buildRules = (
			);
			dependencies = (
			);
			name = Ancientmakeup;
			productName = Ancientmakeup;
			productReference = 2A90D74C2809470900E79596 /* Ancientmakeup.app */;
			productType = "com.apple.product-type.application";
		};
/* End PBXNativeTarget section */

/* Begin PBXProject section */
		2A90D7442809470900E79596 /* Project object */ = {
			isa = PBXProject;
			attributes = {
				BuildIndependentTargetsInParallel = 1;
				LastSwiftUpdateCheck = 1320;
				LastUpgradeCheck = 1320;
				TargetAttributes = {
					2A90D74B2809470900E79596 = {
						CreatedOnToolsVersion = 13.2.1;
					};
				};
			};
			buildConfigurationList = 2A90D7472809470900E79596 /* Build configuration list for PBXProject "Ancientmakeup" */;
			compatibilityVersion = "Xcode 13.0";
			developmentRegion = en;
			hasScannedForEncodings = 0;
			knownRegions = (
				en,
				Base,
			);
			mainGroup = 2A90D7432809470900E79596;
			productRefGroup = 2A90D74D2809470900E79596 /* Products */;
			projectDirPath = "";
			projectRoot = "";
			targets = (
				2A90D74B2809470900E79596 /* Ancientmakeup */,
			);
		};
/* End PBXProject section */

/* Begin PBXResourcesBuildPhase section */
		2A90D74A2809470900E79596 /* Resources */ = {
			isa = PBXResourcesBuildPhase;
			buildActionMask = 2147483647;
			files = (
				2A0EEB6428B8B5D8006651F7 /* Styles.plist in Resources */,
				2A9DFBAD28AE42BB00EBCD4E /* Organs.plist in Resources */,
				2AC9540828B5DB3900D765E1 /* DynastyMakeup.plist in Resources */,
				2A90D75C2809470C00E79596 /* LaunchScreen.storyboard in Resources */,
				2AC9540E28B5DC9900D765E1 /* Ming.plist in Resources */,
				2AC9540A28B5DC8E00D765E1 /* Song.plist in Resources */,
				2A90D7592809470C00E79596 /* Assets.xcassets in Resources */,
				2AC9540628B5D13800D765E1 /* Tang.plist in Resources */,
				2AC9540C28B5DC9400D765E1 /* Han.plist in Resources */,
				2A90D7572809470900E79596 /* Main.storyboard in Resources */,
				2A9DFA822874765400EBCD4E /* winter_lesson.mp4 in Resources */,
			);
			runOnlyForDeploymentPostprocessing = 0;
		};
/* End PBXResourcesBuildPhase section */

/* Begin PBXShellScriptBuildPhase section */
		4619A39BDF2E0BDD0C92480B /* [CP] Check Pods Manifest.lock */ = {
			isa = PBXShellScriptBuildPhase;
			buildActionMask = 2147483647;
			files = (
			);
			inputFileListPaths = (
			);
			inputPaths = (
				"${PODS_PODFILE_DIR_PATH}/Podfile.lock",
				"${PODS_ROOT}/Manifest.lock",
			);
			name = "[CP] Check Pods Manifest.lock";
			outputFileListPaths = (
			);
			outputPaths = (
				"$(DERIVED_FILE_DIR)/Pods-Ancientmakeup-checkManifestLockResult.txt",
			);
			runOnlyForDeploymentPostprocessing = 0;
			shellPath = /bin/sh;
			shellScript = "diff \"${PODS_PODFILE_DIR_PATH}/Podfile.lock\" \"${PODS_ROOT}/Manifest.lock\" > /dev/null\nif [ $? != 0 ] ; then\n    # print error to STDERR\n    echo \"error: The sandbox is not in sync with the Podfile.lock. Run 'pod install' or update your CocoaPods installation.\" >&2\n    exit 1\nfi\n# This output is used by Xcode 'outputs' to avoid re-running this script phase.\necho \"SUCCESS\" > \"${SCRIPT_OUTPUT_FILE_0}\"\n";
			showEnvVarsInLog = 0;
		};
/* End PBXShellScriptBuildPhase section */

/* Begin PBXSourcesBuildPhase section */
		2A90D7482809470900E79596 /* Sources */ = {
			isa = PBXSourcesBuildPhase;
			buildActionMask = 2147483647;
			files = (
				2A915927286B3B10006F0C7C /* ITButton.swift in Sources */,
				2A88C9E32826507400A13BCE /* UIViewController+Extension.swift in Sources */,
				2A5E5C842818EF3E003C8445 /* CollectionViewController.swift in Sources */,
				2A9DFBA728AD01F900EBCD4E /* EyebrowClassifier.mlmodel in Sources */,
				2A5E5C802818EF3E003C8445 /* PersonalHeaderView.swift in Sources */,
				2A9DFB5A289773B100EBCD4E /* FaceLandmark.swift in Sources */,
				2A5E5C7E2818EF3E003C8445 /* NewDetailViewController.swift in Sources */,
				2A5E5C86281AA927003C8445 /* NavViewController.swift in Sources */,
				2A90D771280955E600E79596 /* MainViewController.swift in Sources */,
				2A9DFBA628AD01F900EBCD4E /* MouthClassifier.mlmodel in Sources */,
				2A4DC8C9282CEDEB00DCB64C /* CameraPreviewView.swift in Sources */,
				2A88C9E728266CB300A13BCE /* AnalysisViewController.swift in Sources */,
				2A9DFA7F2873E27400EBCD4E /* ToolView.swift in Sources */,
				2A9DFA792872CAFC00EBCD4E /* BeginMakeupViewController.swift in Sources */,
				2A90D7502809470900E79596 /* AppDelegate.swift in Sources */,
				2A216B3328B4B107003B4151 /* TryMakeupViewController.swift in Sources */,
				2A88C9E128260C9600A13BCE /* FaceAnalyzeViewController.swift in Sources */,
				2A88C9DD2824ABB100A13BCE /* CommentViewCell.swift in Sources */,
				2A4DC8CF282E388100DCB64C /* RecommendHeaderView.swift in Sources */,
				2A9DFBA828AD01F900EBCD4E /* NoseClassifier.mlmodel in Sources */,
				2A9DFB5F289774D400EBCD4E /* MovePopTransition.swift in Sources */,
				2A90D77E280C106800E79596 /* RoundedRectView.swift in Sources */,
				2A90D808280EAC8600E79596 /* BaseScrollViewController.swift in Sources */,
				2A9DFB5C289773DB00EBCD4E /* VisionManager.swift in Sources */,
				2A88C9EF2828F01E00A13BCE /* OrgansView.swift in Sources */,
				2A88C9E5282653D800A13BCE /* BaseViewController.swift in Sources */,
				2A91591128605F43006F0C7C /* Organs.swift in Sources */,
				2A91591F2864517E006F0C7C /* MakeupStory.swift in Sources */,
				2A9DFBA928AD01F900EBCD4E /* EyeClassifer.mlmodel in Sources */,
				2A88C96628210EF800A13BCE /* CommunityViewController.swift in Sources */,
				2A5E5C832818EF3E003C8445 /* DisplayView.swift in Sources */,
				2A91591328615B4D006F0C7C /* DynastyMakeupController.swift in Sources */,
				2A90D776280A686200E79596 /* HomeViewController.swift in Sources */,
				2A915907286018B3006F0C7C /* HorizontalLayout.swift in Sources */,
				2A88C9E9282786A800A13BCE /* RecommendViewController.swift in Sources */,
				2A91590928601E8A006F0C7C /* TPBWCollectionViewCell.swift in Sources */,
				2A915923286A8E2F006F0C7C /* BannerView.swift in Sources */,
				2A4DC8D1282E86D400DCB64C /* RecommendDetailViewController.swift in Sources */,
				2A88C9EB282790F200A13BCE /* MainFaceViewController.swift in Sources */,
				2A915921286594F7006F0C7C /* MakeupCardView.swift in Sources */,
				2A90D77328095A0500E79596 /* DIYTabBar.swift in Sources */,
				2A5E5C812818EF3E003C8445 /* PersonalViewController.swift in Sources */,
				2A90D778280AAFB000E79596 /* DIYTabBarItem.swift in Sources */,
				2A9DFB8928A341CB00EBCD4E /* IndicatorView.swift in Sources */,
				2A5E5C8D281BD0A2003C8445 /* Global.swift in Sources */,
				2A91590D28605DF2006F0C7C /* Makeup.swift in Sources */,
				2A5E5C7B2818EF3E003C8445 /* FoucsViewController.swift in Sources */,
				2A90D780280C164A00E79596 /* ComponentView.swift in Sources */,
				2A8EA81C28587109009837F0 /* PersonalNavView.swift in Sources */,
				2A5E5C822818EF3E003C8445 /* LikeViewController.swift in Sources */,
				2A9DFA7B2872E0A100EBCD4E /* MakeupStepView.swift in Sources */,
				2A915929286BDB83006F0C7C /* DoubleITView.swift in Sources */,
				2A90D782280D55BC00E79596 /* UIView+Extension.swift in Sources */,
				2A88C9DB2823AB6A00A13BCE /* DetailBottomView.swift in Sources */,
				2A9DFA72287040C000EBCD4E /* DynastyHeaderView.swift in Sources */,
				2A8EA81F285C1C1B009837F0 /* PickerDelegate.swift in Sources */,
				2A9DFBAB28AE420000EBCD4E /* PlistManager.swift in Sources */,
				2A5E5C7A2818EF3E003C8445 /* DiscoverViewController.swift in Sources */,
				2A91591928640FA2006F0C7C /* ReleaseViewController.swift in Sources */,
				2A9DFB65289E3B8700EBCD4E /* UIAlertController+Extension.swift in Sources */,
				2A9DFA7D2873C70700EBCD4E /* LessonStep.swift in Sources */,
				2A88C9ED2827923D00A13BCE /* BaseTabBarController.swift in Sources */,
				2A5E5C8B281B8196003C8445 /* NavView.swift in Sources */,
				2A5E5C7F2818EF3E003C8445 /* SegmentView.swift in Sources */,
				2A88C9D9282372E000A13BCE /* UIImageView+Extension.swift in Sources */,
				2A5E5C7C2818EF3E003C8445 /* WaterfallFlowLayout.swift in Sources */,
				2A4DC8C7282CB19F00DCB64C /* CameraTool.swift in Sources */,
				2A90D7522809470900E79596 /* SceneDelegate.swift in Sources */,
				2A9DFB8728A2513E00EBCD4E /* MotionManager.swift in Sources */,
				2A9DFA862875207D00EBCD4E /* MakeupPart.swift in Sources */,
				2A88C9DF2824B43400A13BCE /* SubCommentViewCell.swift in Sources */,
				2A91591B28640FD3006F0C7C /* MarketViewController.swift in Sources */,
				2A9DFBA528AD01F900EBCD4E /* FaceClassifier.mlmodel in Sources */,
				2A90D784280E7AF900E79596 /* UIImage+Extension.swift in Sources */,
				2A9DFB8B28A3EDCC00EBCD4E /* Date+Extension.swift in Sources */,
				2A9DFA842874770300EBCD4E /* MediaView.swift in Sources */,
				2A90D7692809486100E79596 /* UIColor+Extension.swift in Sources */,
				2A9DFA77287288E700EBCD4E /* TeachingViewController.swift in Sources */,
				2A91591D28644981006F0C7C /* MakeupCardItem.swift in Sources */,
				2A88C96828210FAD00A13BCE /* NavBarView.swift in Sources */,
				2A9159152861615E006F0C7C /* HorizontalCollectionView.swift in Sources */,
				2A91590F28605EDE006F0C7C /* DynastyMakeup.swift in Sources */,
				2A5E5C7D2818EF3E003C8445 /* NewsCollectionViewCell.swift in Sources */,
				2A88C9F7282BACD800A13BCE /* RecommendViewCell.swift in Sources */,
			);
			runOnlyForDeploymentPostprocessing = 0;
		};
/* End PBXSourcesBuildPhase section */

/* Begin PBXVariantGroup section */
		2A90D7552809470900E79596 /* Main.storyboard */ = {
			isa = PBXVariantGroup;
			children = (
				2A90D7562809470900E79596 /* Base */,
			);
			name = Main.storyboard;
			sourceTree = "<group>";
		};
		2A90D75A2809470C00E79596 /* LaunchScreen.storyboard */ = {
			isa = PBXVariantGroup;
			children = (
				2A90D75B2809470C00E79596 /* Base */,
			);
			name = LaunchScreen.storyboard;
			sourceTree = "<group>";
		};
/* End PBXVariantGroup section */

/* Begin XCBuildConfiguration section */
		2A90D75E2809470C00E79596 /* Debug */ = {
			isa = XCBuildConfiguration;
			buildSettings = {
				ALWAYS_SEARCH_USER_PATHS = NO;
				CLANG_ANALYZER_NONNULL = YES;
				CLANG_ANALYZER_NUMBER_OBJECT_CONVERSION = YES_AGGRESSIVE;
				CLANG_CXX_LANGUAGE_STANDARD = "gnu++17";
				CLANG_CXX_LIBRARY = "libc++";
				CLANG_ENABLE_MODULES = YES;
				CLANG_ENABLE_OBJC_ARC = YES;
				CLANG_ENABLE_OBJC_WEAK = YES;
				CLANG_WARN_BLOCK_CAPTURE_AUTORELEASING = YES;
				CLANG_WARN_BOOL_CONVERSION = YES;
				CLANG_WARN_COMMA = YES;
				CLANG_WARN_CONSTANT_CONVERSION = YES;
				CLANG_WARN_DEPRECATED_OBJC_IMPLEMENTATIONS = YES;
				CLANG_WARN_DIRECT_OBJC_ISA_USAGE = YES_ERROR;
				CLANG_WARN_DOCUMENTATION_COMMENTS = YES;
				CLANG_WARN_EMPTY_BODY = YES;
				CLANG_WARN_ENUM_CONVERSION = YES;
				CLANG_WARN_INFINITE_RECURSION = YES;
				CLANG_WARN_INT_CONVERSION = YES;
				CLANG_WARN_NON_LITERAL_NULL_CONVERSION = YES;
				CLANG_WARN_OBJC_IMPLICIT_RETAIN_SELF = YES;
				CLANG_WARN_OBJC_LITERAL_CONVERSION = YES;
				CLANG_WARN_OBJC_ROOT_CLASS = YES_ERROR;
				CLANG_WARN_QUOTED_INCLUDE_IN_FRAMEWORK_HEADER = YES;
				CLANG_WARN_RANGE_LOOP_ANALYSIS = YES;
				CLANG_WARN_STRICT_PROTOTYPES = YES;
				CLANG_WARN_SUSPICIOUS_MOVE = YES;
				CLANG_WARN_UNGUARDED_AVAILABILITY = YES_AGGRESSIVE;
				CLANG_WARN_UNREACHABLE_CODE = YES;
				CLANG_WARN__DUPLICATE_METHOD_MATCH = YES;
				COPY_PHASE_STRIP = NO;
				DEBUG_INFORMATION_FORMAT = dwarf;
				ENABLE_STRICT_OBJC_MSGSEND = YES;
				ENABLE_TESTABILITY = YES;
				GCC_C_LANGUAGE_STANDARD = gnu11;
				GCC_DYNAMIC_NO_PIC = NO;
				GCC_NO_COMMON_BLOCKS = YES;
				GCC_OPTIMIZATION_LEVEL = 0;
				GCC_PREPROCESSOR_DEFINITIONS = (
					"DEBUG=1",
					"$(inherited)",
				);
				GCC_WARN_64_TO_32_BIT_CONVERSION = YES;
				GCC_WARN_ABOUT_RETURN_TYPE = YES_ERROR;
				GCC_WARN_UNDECLARED_SELECTOR = YES;
				GCC_WARN_UNINITIALIZED_AUTOS = YES_AGGRESSIVE;
				GCC_WARN_UNUSED_FUNCTION = YES;
				GCC_WARN_UNUSED_VARIABLE = YES;
				IPHONEOS_DEPLOYMENT_TARGET = 15.0;
				MTL_ENABLE_DEBUG_INFO = INCLUDE_SOURCE;
				MTL_FAST_MATH = YES;
				ONLY_ACTIVE_ARCH = YES;
				SDKROOT = iphoneos;
				SWIFT_ACTIVE_COMPILATION_CONDITIONS = DEBUG;
				SWIFT_OPTIMIZATION_LEVEL = "-Onone";
			};
			name = Debug;
		};
		2A90D75F2809470C00E79596 /* Release */ = {
			isa = XCBuildConfiguration;
			buildSettings = {
				ALWAYS_SEARCH_USER_PATHS = NO;
				CLANG_ANALYZER_NONNULL = YES;
				CLANG_ANALYZER_NUMBER_OBJECT_CONVERSION = YES_AGGRESSIVE;
				CLANG_CXX_LANGUAGE_STANDARD = "gnu++17";
				CLANG_CXX_LIBRARY = "libc++";
				CLANG_ENABLE_MODULES = YES;
				CLANG_ENABLE_OBJC_ARC = YES;
				CLANG_ENABLE_OBJC_WEAK = YES;
				CLANG_WARN_BLOCK_CAPTURE_AUTORELEASING = YES;
				CLANG_WARN_BOOL_CONVERSION = YES;
				CLANG_WARN_COMMA = YES;
				CLANG_WARN_CONSTANT_CONVERSION = YES;
				CLANG_WARN_DEPRECATED_OBJC_IMPLEMENTATIONS = YES;
				CLANG_WARN_DIRECT_OBJC_ISA_USAGE = YES_ERROR;
				CLANG_WARN_DOCUMENTATION_COMMENTS = YES;
				CLANG_WARN_EMPTY_BODY = YES;
				CLANG_WARN_ENUM_CONVERSION = YES;
				CLANG_WARN_INFINITE_RECURSION = YES;
				CLANG_WARN_INT_CONVERSION = YES;
				CLANG_WARN_NON_LITERAL_NULL_CONVERSION = YES;
				CLANG_WARN_OBJC_IMPLICIT_RETAIN_SELF = YES;
				CLANG_WARN_OBJC_LITERAL_CONVERSION = YES;
				CLANG_WARN_OBJC_ROOT_CLASS = YES_ERROR;
				CLANG_WARN_QUOTED_INCLUDE_IN_FRAMEWORK_HEADER = YES;
				CLANG_WARN_RANGE_LOOP_ANALYSIS = YES;
				CLANG_WARN_STRICT_PROTOTYPES = YES;
				CLANG_WARN_SUSPICIOUS_MOVE = YES;
				CLANG_WARN_UNGUARDED_AVAILABILITY = YES_AGGRESSIVE;
				CLANG_WARN_UNREACHABLE_CODE = YES;
				CLANG_WARN__DUPLICATE_METHOD_MATCH = YES;
				COPY_PHASE_STRIP = NO;
				DEBUG_INFORMATION_FORMAT = "dwarf-with-dsym";
				ENABLE_NS_ASSERTIONS = NO;
				ENABLE_STRICT_OBJC_MSGSEND = YES;
				GCC_C_LANGUAGE_STANDARD = gnu11;
				GCC_NO_COMMON_BLOCKS = YES;
				GCC_WARN_64_TO_32_BIT_CONVERSION = YES;
				GCC_WARN_ABOUT_RETURN_TYPE = YES_ERROR;
				GCC_WARN_UNDECLARED_SELECTOR = YES;
				GCC_WARN_UNINITIALIZED_AUTOS = YES_AGGRESSIVE;
				GCC_WARN_UNUSED_FUNCTION = YES;
				GCC_WARN_UNUSED_VARIABLE = YES;
				IPHONEOS_DEPLOYMENT_TARGET = 15.0;
				MTL_ENABLE_DEBUG_INFO = NO;
				MTL_FAST_MATH = YES;
				SDKROOT = iphoneos;
				SWIFT_COMPILATION_MODE = wholemodule;
				SWIFT_OPTIMIZATION_LEVEL = "-O";
				VALIDATE_PRODUCT = YES;
			};
			name = Release;
		};
		2A90D7612809470C00E79596 /* Debug */ = {
			isa = XCBuildConfiguration;
			baseConfigurationReference = 51B3B802CFDF59275E8CFE14 /* Pods-Ancientmakeup.debug.xcconfig */;
			buildSettings = {
				ASSETCATALOG_COMPILER_APPICON_NAME = AppIcon;
				ASSETCATALOG_COMPILER_GLOBAL_ACCENT_COLOR_NAME = AccentColor;
				CODE_SIGN_STYLE = Automatic;
				CURRENT_PROJECT_VERSION = 1;
				DEVELOPMENT_TEAM = 6U88T44UU5;
				GENERATE_INFOPLIST_FILE = YES;
				INFOPLIST_FILE = Ancientmakeup/Info.plist;
				INFOPLIST_KEY_CFBundleDisplayName = "华妆";
				INFOPLIST_KEY_NSCameraUsageDescription = "华妆需要您授权摄像头的权限来拍摄人脸照片";
				INFOPLIST_KEY_NSPhotoLibraryUsageDescription = "本应用需要访问您的相册来提供相关的服务";
				INFOPLIST_KEY_UIApplicationSupportsIndirectInputEvents = YES;
				INFOPLIST_KEY_UILaunchStoryboardName = LaunchScreen;
				INFOPLIST_KEY_UIMainStoryboardFile = Main;
				INFOPLIST_KEY_UISupportedInterfaceOrientations = UIInterfaceOrientationPortrait;
				INFOPLIST_KEY_UISupportedInterfaceOrientations_iPad = "UIInterfaceOrientationPortrait UIInterfaceOrientationPortraitUpsideDown UIInterfaceOrientationLandscapeLeft UIInterfaceOrientationLandscapeRight";
				INFOPLIST_KEY_UISupportedInterfaceOrientations_iPhone = "UIInterfaceOrientationPortrait UIInterfaceOrientationLandscapeLeft UIInterfaceOrientationLandscapeRight";
				IPHONEOS_DEPLOYMENT_TARGET = 15.2;
				LD_RUNPATH_SEARCH_PATHS = (
					"$(inherited)",
					"@executable_path/Frameworks",
				);
				MARKETING_VERSION = 1.0;
				PRODUCT_BUNDLE_IDENTIFIER = com.starsea.Ancientmakeup0;
				PRODUCT_NAME = "$(TARGET_NAME)";
				SWIFT_EMIT_LOC_STRINGS = YES;
				SWIFT_VERSION = 5.0;
				TARGETED_DEVICE_FAMILY = 1;
			};
			name = Debug;
		};
		2A90D7622809470C00E79596 /* Release */ = {
			isa = XCBuildConfiguration;
			baseConfigurationReference = A8B5D31DBA729C3B1F74361E /* Pods-Ancientmakeup.release.xcconfig */;
			buildSettings = {
				ASSETCATALOG_COMPILER_APPICON_NAME = AppIcon;
				ASSETCATALOG_COMPILER_GLOBAL_ACCENT_COLOR_NAME = AccentColor;
				CODE_SIGN_STYLE = Automatic;
				CURRENT_PROJECT_VERSION = 1;
				DEVELOPMENT_TEAM = 6U88T44UU5;
				GENERATE_INFOPLIST_FILE = YES;
				INFOPLIST_FILE = Ancientmakeup/Info.plist;
				INFOPLIST_KEY_CFBundleDisplayName = "华妆";
				INFOPLIST_KEY_NSCameraUsageDescription = "华妆需要您授权摄像头的权限来拍摄人脸照片";
				INFOPLIST_KEY_NSPhotoLibraryUsageDescription = "本应用需要访问您的相册来提供相关的服务";
				INFOPLIST_KEY_UIApplicationSupportsIndirectInputEvents = YES;
				INFOPLIST_KEY_UILaunchStoryboardName = LaunchScreen;
				INFOPLIST_KEY_UIMainStoryboardFile = Main;
				INFOPLIST_KEY_UISupportedInterfaceOrientations = UIInterfaceOrientationPortrait;
				INFOPLIST_KEY_UISupportedInterfaceOrientations_iPad = "UIInterfaceOrientationPortrait UIInterfaceOrientationPortraitUpsideDown UIInterfaceOrientationLandscapeLeft UIInterfaceOrientationLandscapeRight";
				INFOPLIST_KEY_UISupportedInterfaceOrientations_iPhone = "UIInterfaceOrientationPortrait UIInterfaceOrientationLandscapeLeft UIInterfaceOrientationLandscapeRight";
				IPHONEOS_DEPLOYMENT_TARGET = 15.2;
				LD_RUNPATH_SEARCH_PATHS = (
					"$(inherited)",
					"@executable_path/Frameworks",
				);
				MARKETING_VERSION = 1.0;
				PRODUCT_BUNDLE_IDENTIFIER = com.starsea.Ancientmakeup0;
				PRODUCT_NAME = "$(TARGET_NAME)";
				SWIFT_EMIT_LOC_STRINGS = YES;
				SWIFT_VERSION = 5.0;
				TARGETED_DEVICE_FAMILY = 1;
			};
			name = Release;
		};
/* End XCBuildConfiguration section */

/* Begin XCConfigurationList section */
		2A90D7472809470900E79596 /* Build configuration list for PBXProject "Ancientmakeup" */ = {
			isa = XCConfigurationList;
			buildConfigurations = (
				2A90D75E2809470C00E79596 /* Debug */,
				2A90D75F2809470C00E79596 /* Release */,
			);
			defaultConfigurationIsVisible = 0;
			defaultConfigurationName = Release;
		};
		2A90D7602809470C00E79596 /* Build configuration list for PBXNativeTarget "Ancientmakeup" */ = {
			isa = XCConfigurationList;
			buildConfigurations = (
				2A90D7612809470C00E79596 /* Debug */,
				2A90D7622809470C00E79596 /* Release */,
			);
			defaultConfigurationIsVisible = 0;
			defaultConfigurationName = Release;
		};
/* End XCConfigurationList section */
	};
	rootObject = 2A90D7442809470900E79596 /* Project object */;
}
